
Microsoft Visual Studio Solution File, Format Version 12.00
# Visual Studio Version 16
VisualStudioVersion = 16.0.31729.503
MinimumVisualStudioVersion = 10.0.40219.1
Project("{FAE04EC0-301F-11D3-BF4B-00C04F79EFBC}") = "LKS Laundry NET Framework", "LKS Laundry NET Framework.csproj", "{0D26E27B-3293-4BEA-BA0B-607A06DA5754}"
EndProject
Global
	GlobalSection(SolutionConfigurationPlatforms) = preSolution
		Debug|Any CPU = Debug|Any CPU
		Release|Any CPU = Release|Any CPU
	EndGlobalSection
	GlobalSection(ProjectConfigurationPlatforms) = postSolution
		{0D26E27B-3293-4BEA-BA0B-607A06DA5754}.Debug|Any CPU.ActiveCfg = Debug|Any CPU
		{0D26E27B-3293-4BEA-BA0B-607A06DA5754}.Debug|Any CPU.Build.0 = Debug|Any CPU
		{0D26E27B-3293-4BEA-BA0B-607A06DA5754}.Release|Any CPU.ActiveCfg = Release|Any CPU
		{0D26E27B-3293-4BEA-BA0B-607A06DA5754}.Release|Any CPU.Build.0 = Release|Any CPU
	EndGlobalSection
	GlobalSection(SolutionProperties) = preSolution
		HideSolutionNode = FALSE
	EndGlobalSection
	GlobalSection(ExtensibilityGlobals) = postSolution
		SolutionGuid = {0E43724B-DCC6-446A-B47C-F292C073A771}
	EndGlobalSection
EndGlobal
